
Microsoft Visual Studio Solution File, Format Version 12.00
# Visual Studio Version 17
VisualStudioVersion = 17.14.36121.58 d17.14
MinimumVisualStudioVersion = 10.0.40219.1
Project("{FAE04EC0-301F-11D3-BF4B-00C04F79EFBC}") = "MauiRemoteStorage", "MauiRemoteStorage\MauiRemoteStorage.csproj", "{FC5805E3-CDC7-440F-9163-A21C9512C6C0}"
EndProject
Global
	GlobalSection(SolutionConfigurationPlatforms) = preSolution
		Debug|Any CPU = Debug|Any CPU
		Release|Any CPU = Release|Any CPU
	EndGlobalSection
	GlobalSection(ProjectConfigurationPlatforms) = postSolution
		{FC5805E3-CDC7-440F-9163-A21C9512C6C0}.Debug|Any CPU.ActiveCfg = Debug|Any CPU
		{FC5805E3-CDC7-440F-9163-A21C9512C6C0}.Debug|Any CPU.Build.0 = Debug|Any CPU
		{FC5805E3-CDC7-440F-9163-A21C9512C6C0}.Release|Any CPU.ActiveCfg = Release|Any CPU
		{FC5805E3-CDC7-440F-9163-A21C9512C6C0}.Release|Any CPU.Build.0 = Release|Any CPU
	EndGlobalSection
	GlobalSection(SolutionProperties) = preSolution
		HideSolutionNode = FALSE
	EndGlobalSection
	GlobalSection(ExtensibilityGlobals) = postSolution
		SolutionGuid = {B29F1AD8-61D9-4037-9A24-C9C4880B01D1}
	EndGlobalSection
EndGlobal
